{
  "name": "productiva-web",
  "version": "1.3.1",
  "lockfileVersion": 3,
  "requires": true,
  "packages": {
    "": {
      "name": "productiva-web",
      "version": "1.3.1",
      "dependencies": {
        "@angular/animations": "^20.3.3",
        "@angular/cdk": "^20.2.7",
        "@angular/common": "^20.3.3",
        "@angular/compiler": "^20.3.3",
        "@angular/core": "^20.3.3",
        "@angular/forms": "^20.3.3",
        "@angular/material": "^20.2.7",
        "@angular/platform-browser": "^20.3.3",
        "@angular/platform-browser-dynamic": "^20.3.3",
        "@angular/router": "^20.3.3",
        "@angular/service-worker": "^20.3.3",
        "@milkdown/kit": "^7.16.0",
        "@milkdown/theme-nord": "^7.16.0",
        "dexie": "^4.2.0",
        "rxjs": "~7.8.2",
        "sass": "^1.93.2",
        "tslib": "^2.8.1",
        "uuid": "^13.0.0"
      },
      "devDependencies": {
        "@angular-devkit/build-angular": "^20.3.4",
        "@angular/cli": "^20.3.4",
        "@angular/compiler-cli": "^20.3.3",
        "@angular/localize": "20.3.3",
        "@types/jasmine": "~5.1.9",
        "@types/uuid": "^10.0.0",
        "jasmine-core": "~5.11.0",
        "karma": "~6.4.4",
        "karma-chrome-launcher": "~3.2.0",
        "karma-coverage": "~2.2.1",
        "karma-jasmine": "~5.1.0",
        "karma-jasmine-html-reporter": "~2.1.0",
        "typescript": "~5.9.3"
      }
    },
    "../node_modules/.pnpm/@angular-devkit+build-angular@20.3.6_@angular+compiler-cli@20.3.6_@angular+compiler@20._19fcee8c73c2282bd4e8c367de2e7c17/node_modules/@angular-devkit/build-angular": {
      "version": "20.3.6",
      "dev": true,
      "license": "MIT",
      "dependencies": {
        "@ampproject/remapping": "2.3.0",
        "@angular-devkit/architect": "0.2003.6",
        "@angular-devkit/build-webpack": "0.2003.6",
        "@angular-devkit/core": "20.3.6",
        "@angular/build": "20.3.6",
        "@babel/core": "7.28.3",
        "@babel/generator": "7.28.3",
        "@babel/helper-annotate-as-pure": "7.27.3",
        "@babel/helper-split-export-declaration": "7.24.7",
        "@babel/plugin-transform-async-generator-functions": "7.28.0",
        "@babel/plugin-transform-async-to-generator": "7.27.1",
        "@babel/plugin-transform-runtime": "7.28.3",
        "@babel/preset-env": "7.28.3",
        "@babel/runtime": "7.28.3",
        "@discoveryjs/json-ext": "0.6.3",
        "@ngtools/webpack": "20.3.6",
        "ansi-colors": "4.1.3",
        "autoprefixer": "10.4.21",
        "babel-loader": "10.0.0",
        "browserslist": "^4.21.5",
        "copy-webpack-plugin": "13.0.1",
        "css-loader": "7.1.2",
        "esbuild-wasm": "0.25.9",
        "fast-glob": "3.3.3",
        "http-proxy-middleware": "3.0.5",
        "istanbul-lib-instrument": "6.0.3",
        "jsonc-parser": "3.3.1",
        "karma-source-map-support": "1.4.0",
        "less": "4.4.0",
        "less-loader": "12.3.0",
        "license-webpack-plugin": "4.0.2",
        "loader-utils": "3.3.1",
        "mini-css-extract-plugin": "2.9.4",
        "open": "10.2.0",
        "ora": "8.2.0",
        "picomatch": "4.0.3",
        "piscina": "5.1.3",
        "postcss": "8.5.6",
        "postcss-loader": "8.1.1",
        "resolve-url-loader": "5.0.0",
        "rxjs": "7.8.2",
        "sass": "1.90.0",
        "sass-loader": "16.0.5",
        "semver": "7.7.2",
        "source-map-loader": "5.0.0",
        "source-map-support": "0.5.21",
        "terser": "5.43.1",
        "tree-kill": "1.2.2",
        "tslib": "2.8.1",
        "webpack": "5.101.2",
        "webpack-dev-middleware": "7.4.2",
        "webpack-dev-server": "5.2.2",
        "webpack-merge": "6.0.1",
        "webpack-subresource-integrity": "5.1.0"
      },
      "engines": {
        "node": "^20.19.0 || ^22.12.0 || >=24.0.0",
        "npm": "^6.11.0 || ^7.5.6 || >=8.0.0",
        "yarn": ">= 1.13.0"
      },
      "optionalDependencies": {
        "esbuild": "0.25.9"
      },
      "peerDependencies": {
        "@angular/compiler-cli": "^20.0.0",
        "@angular/core": "^20.0.0",
        "@angular/localize": "^20.0.0",
        "@angular/platform-browser": "^20.0.0",
        "@angular/platform-server": "^20.0.0",
        "@angular/service-worker": "^20.0.0",
        "@angular/ssr": "^20.3.6",
        "@web/test-runner": "^0.20.0",
        "browser-sync": "^3.0.2",
        "jest": "^29.5.0",
        "jest-environment-jsdom": "^29.5.0",
        "karma": "^6.3.0",
        "ng-packagr": "^20.0.0",
        "protractor": "^7.0.0",
        "tailwindcss": "^2.0.0 || ^3.0.0 || ^4.0.0",
        "typescript": ">=5.8 <6.0"
      },
      "peerDependenciesMeta": {
        "@angular/core": {
          "optional": true
        },
        "@angular/localize": {
          "optional": true
        },
        "@angular/platform-browser": {
          "optional": true
        },
        "@angular/platform-server": {
          "optional": true
        },
        "@angular/service-worker": {
          "optional": true
        },
        "@angular/ssr": {
          "optional": true
        },
        "@web/test-runner": {
          "optional": true
        },
        "browser-sync": {
          "optional": true
        },
        "jest": {
          "optional": true
        },
        "jest-environment-jsdom": {
          "optional": true
        },
        "karma": {
          "optional": true
        },
        "ng-packagr": {
          "optional": true
        },
        "protractor": {
          "optional": true
        },
        "tailwindcss": {
          "optional": true
        }
      }
    },
    "../node_modules/.pnpm/@angular+animations@20.3.6_@angular+core@20.3.6_@angular+compiler@20.3.6_rxjs@7.8.2_/node_modules/@angular/animations": {
      "version": "20.3.6",
      "license": "MIT",
      "dependencies": {
        "tslib": "^2.3.0"
      },
      "engines": {
        "node": "^20.19.0 || ^22.12.0 || >=24.0.0"
      },
      "peerDependencies": {
        "@angular/core": "20.3.6"
      }
    },
    "../node_modules/.pnpm/@angular+cdk@20.2.9_@angular+common@20.3.6_@angular+core@20.3.6_@angular+compiler@20.3._718df4b05d6b0bff8232cddddf2da9ab/node_modules/@angular/cdk": {
      "version": "20.2.9",
      "license": "MIT",
      "dependencies": {
        "parse5": "^8.0.0",
        "tslib": "^2.3.0"
      },
      "peerDependencies": {
        "@angular/common": "^20.0.0 || ^21.0.0",
        "@angular/core": "^20.0.0 || ^21.0.0",
        "rxjs": "^6.5.3 || ^7.4.0"
      }
    },
    "../node_modules/.pnpm/@angular+cli@20.3.6_@types+node@24.9.0_chokidar@4.0.3/node_modules/@angular/cli": {
      "version": "20.3.6",
      "dev": true,
      "license": "MIT",
      "dependencies": {
        "@angular-devkit/architect": "0.2003.6",
        "@angular-devkit/core": "20.3.6",
        "@angular-devkit/schematics": "20.3.6",
        "@inquirer/prompts": "7.8.2",
        "@listr2/prompt-adapter-inquirer": "3.0.1",
        "@modelcontextprotocol/sdk": "1.17.3",
        "@schematics/angular": "20.3.6",
        "@yarnpkg/lockfile": "1.1.0",
        "algoliasearch": "5.35.0",
        "ini": "5.0.0",
        "jsonc-parser": "3.3.1",
        "listr2": "9.0.1",
        "npm-package-arg": "13.0.0",
        "pacote": "21.0.0",
        "resolve": "1.22.10",
        "semver": "7.7.2",
        "yargs": "18.0.0",
        "zod": "3.25.76"
      },
      "bin": {
        "ng": "bin/ng.js"
      },
      "engines": {
        "node": "^20.19.0 || ^22.12.0 || >=24.0.0",
        "npm": "^6.11.0 || ^7.5.6 || >=8.0.0",
        "yarn": ">= 1.13.0"
      }
    },
    "../node_modules/.pnpm/@angular+common@20.3.6_@angular+core@20.3.6_@angular+compiler@20.3.6_rxjs@7.8.2__rxjs@7.8.2/node_modules/@angular/common": {
      "version": "20.3.6",
      "license": "MIT",
      "dependencies": {
        "tslib": "^2.3.0"
      },
      "engines": {
        "node": "^20.19.0 || ^22.12.0 || >=24.0.0"
      },
      "peerDependencies": {
        "@angular/core": "20.3.6",
        "rxjs": "^6.5.3 || ^7.4.0"
      }
    },
    "../node_modules/.pnpm/@angular+compiler-cli@20.3.6_@angular+compiler@20.3.6_typescript@5.9.3/node_modules/@angular/compiler-cli": {
      "version": "20.3.6",
      "dev": true,
      "license": "MIT",
      "dependencies": {
        "@babel/core": "7.28.3",
        "@jridgewell/sourcemap-codec": "^1.4.14",
        "chokidar": "^4.0.0",
        "convert-source-map": "^1.5.1",
        "reflect-metadata": "^0.2.0",
        "semver": "^7.0.0",
        "tslib": "^2.3.0",
        "yargs": "^18.0.0"
      },
      "bin": {
        "ng-xi18n": "bundles/src/bin/ng_xi18n.js",
        "ngc": "bundles/src/bin/ngc.js"
      },
      "engines": {
        "node": "^20.19.0 || ^22.12.0 || >=24.0.0"
      },
      "peerDependencies": {
        "@angular/compiler": "20.3.6",
        "typescript": ">=5.8 <6.0"
      },
      "peerDependenciesMeta": {
        "typescript": {
          "optional": true
        }
      }
    },
    "../node_modules/.pnpm/@angular+compiler@20.3.6/node_modules/@angular/compiler": {
      "version": "20.3.6",
      "license": "MIT",
      "dependencies": {
        "tslib": "^2.3.0"
      },
      "engines": {
        "node": "^20.19.0 || ^22.12.0 || >=24.0.0"
      }
    },
    "../node_modules/.pnpm/@angular+core@20.3.6_@angular+compiler@20.3.6_rxjs@7.8.2/node_modules/@angular/core": {
      "version": "20.3.6",
      "license": "MIT",
      "dependencies": {
        "tslib": "^2.3.0"
      },
      "engines": {
        "node": "^20.19.0 || ^22.12.0 || >=24.0.0"
      },
      "peerDependencies": {
        "@angular/compiler": "20.3.6",
        "rxjs": "^6.5.3 || ^7.4.0",
        "zone.js": "~0.15.0"
      },
      "peerDependenciesMeta": {
        "@angular/compiler": {
          "optional": true
        },
        "zone.js": {
          "optional": true
        }
      }
    },
    "../node_modules/.pnpm/@angular+forms@20.3.6_@angular+common@20.3.6_@angular+core@20.3.6_@angular+compiler@20._2fdcc28eceeb67e6f1714c9366f04ac6/node_modules/@angular/forms": {
      "version": "20.3.6",
      "license": "MIT",
      "dependencies": {
        "tslib": "^2.3.0"
      },
      "engines": {
        "node": "^20.19.0 || ^22.12.0 || >=24.0.0"
      },
      "peerDependencies": {
        "@angular/common": "20.3.6",
        "@angular/core": "20.3.6",
        "@angular/platform-browser": "20.3.6",
        "rxjs": "^6.5.3 || ^7.4.0"
      }
    },
    "../node_modules/.pnpm/@angular+localize@20.3.3_@angular+compiler-cli@20.3.6_@angular+compiler@20.3.6_typescri_799b4da70bf29338aa5b90422a1a3832/node_modules/@angular/localize": {
      "version": "20.3.3",
      "dev": true,
      "license": "MIT",
      "dependencies": {
        "@babel/core": "7.28.3",
        "@types/babel__core": "7.20.5",
        "tinyglobby": "^0.2.12",
        "yargs": "^18.0.0"
      },
      "bin": {
        "localize-extract": "tools/bundles/src/extract/cli.js",
        "localize-migrate": "tools/bundles/src/migrate/cli.js",
        "localize-translate": "tools/bundles/src/translate/cli.js"
      },
      "engines": {
        "node": "^20.19.0 || ^22.12.0 || >=24.0.0"
      },
      "peerDependencies": {
        "@angular/compiler": "20.3.3",
        "@angular/compiler-cli": "20.3.3"
      }
    },
    "../node_modules/.pnpm/@angular+material@20.2.9_1c992b94ac52d3ac9cdad7c6265f4f91/node_modules/@angular/material": {
      "version": "20.2.9",
      "license": "MIT",
      "dependencies": {
        "tslib": "^2.3.0"
      },
      "devDependencies": {
        "@angular/cdk": "workspace:*"
      },
      "peerDependencies": {
        "@angular/cdk": "20.2.9",
        "@angular/common": "^20.0.0 || ^21.0.0",
        "@angular/core": "^20.0.0 || ^21.0.0",
        "@angular/forms": "^20.0.0 || ^21.0.0",
        "@angular/platform-browser": "^20.0.0 || ^21.0.0",
        "rxjs": "^6.5.3 || ^7.4.0"
      }
    },
    "../node_modules/.pnpm/@angular+platform-browser-dynamic@20.3.6_@angular+common@20.3.6_@angular+core@20.3.6_@a_fcc9162b171e70b5e95e9bceafce60fc/node_modules/@angular/platform-browser-dynamic": {
      "version": "20.3.6",
      "license": "MIT",
      "dependencies": {
        "tslib": "^2.3.0"
      },
      "engines": {
        "node": "^20.19.0 || ^22.12.0 || >=24.0.0"
      },
      "peerDependencies": {
        "@angular/common": "20.3.6",
        "@angular/compiler": "20.3.6",
        "@angular/core": "20.3.6",
        "@angular/platform-browser": "20.3.6"
      }
    },
    "../node_modules/.pnpm/@angular+platform-browser@20.3.6_@angular+animations@20.3.6_@angular+core@20.3.6_@angul_2c51f1f78a68bf40e7bad4dee8924c12/node_modules/@angular/platform-browser": {
      "version": "20.3.6",
      "license": "MIT",
      "dependencies": {
        "tslib": "^2.3.0"
      },
      "engines": {
        "node": "^20.19.0 || ^22.12.0 || >=24.0.0"
      },
      "peerDependencies": {
        "@angular/animations": "20.3.6",
        "@angular/common": "20.3.6",
        "@angular/core": "20.3.6"
      },
      "peerDependenciesMeta": {
        "@angular/animations": {
          "optional": true
        }
      }
    },
    "../node_modules/.pnpm/@angular+router@20.3.6_@angular+common@20.3.6_@angular+core@20.3.6_@angular+compiler@20_5770fe4f031296f6a1be042055476acf/node_modules/@angular/router": {
      "version": "20.3.6",
      "license": "MIT",
      "dependencies": {
        "tslib": "^2.3.0"
      },
      "engines": {
        "node": "^20.19.0 || ^22.12.0 || >=24.0.0"
      },
      "peerDependencies": {
        "@angular/common": "20.3.6",
        "@angular/core": "20.3.6",
        "@angular/platform-browser": "20.3.6",
        "rxjs": "^6.5.3 || ^7.4.0"
      }
    },
    "../node_modules/.pnpm/@angular+service-worker@20.3.6_@angular+core@20.3.6_@angular+compiler@20.3.6_rxjs@7.8.2__rxjs@7.8.2/node_modules/@angular/service-worker": {
      "version": "20.3.6",
      "license": "MIT",
      "dependencies": {
        "tslib": "^2.3.0"
      },
      "bin": {
        "ngsw-config": "ngsw-config.js"
      },
      "engines": {
        "node": "^20.19.0 || ^22.12.0 || >=24.0.0"
      },
      "peerDependencies": {
        "@angular/core": "20.3.6",
        "rxjs": "^6.5.3 || ^7.4.0"
      }
    },
    "../node_modules/.pnpm/@milkdown+kit@7.17.1_@codemirror+language@6.11.2_@codemirror+state@6.5.2_@codemirror+view@6.38.1_typescript@5.9.3/node_modules/@milkdown/kit": {
      "version": "7.17.1",
      "license": "MIT",
      "dependencies": {
        "@milkdown/components": "7.17.1",
        "@milkdown/core": "7.17.1",
        "@milkdown/ctx": "7.17.1",
        "@milkdown/plugin-block": "7.17.1",
        "@milkdown/plugin-clipboard": "7.17.1",
        "@milkdown/plugin-cursor": "7.17.1",
        "@milkdown/plugin-history": "7.17.1",
        "@milkdown/plugin-indent": "7.17.1",
        "@milkdown/plugin-listener": "7.17.1",
        "@milkdown/plugin-slash": "7.17.1",
        "@milkdown/plugin-tooltip": "7.17.1",
        "@milkdown/plugin-trailing": "7.17.1",
        "@milkdown/plugin-upload": "7.17.1",
        "@milkdown/preset-commonmark": "7.17.1",
        "@milkdown/preset-gfm": "7.17.1",
        "@milkdown/prose": "7.17.1",
        "@milkdown/transformer": "7.17.1",
        "@milkdown/utils": "7.17.1"
      }
    },
    "../node_modules/.pnpm/@milkdown+theme-nord@7.17.1/node_modules/@milkdown/theme-nord": {
      "version": "7.17.1",
      "license": "MIT",
      "dependencies": {
        "@milkdown/core": "7.17.1",
        "@milkdown/ctx": "7.17.1",
        "@milkdown/prose": "7.17.1",
        "clsx": "^2.0.0"
      }
    },
    "../node_modules/.pnpm/@types+jasmine@5.1.9/node_modules/@types/jasmine": {
      "version": "5.1.9",
      "dev": true,
      "license": "MIT"
    },
    "../node_modules/.pnpm/@types+uuid@10.0.0/node_modules/@types/uuid": {
      "version": "10.0.0",
      "dev": true,
      "license": "MIT"
    },
    "../node_modules/.pnpm/dexie@4.2.0/node_modules/dexie": {
      "version": "4.2.0",
      "license": "Apache-2.0",
      "devDependencies": {
        "@lambdatest/node-tunnel": "^4.0.7",
        "cross-env": "^7.0.3",
        "dts-bundle-generator": "^9.3.1",
        "just-build": "^0.9.24",
        "karma": "^6.1.1",
        "karma-chrome-launcher": "^3.1.0",
        "karma-firefox-launcher": "^2.1.0",
        "karma-mocha-reporter": "^2.2.5",
        "karma-qunit": "^4.1.1",
        "karma-webdriver-launcher": "^1.0.8",
        "qunit": "^2.10.0",
        "qunitjs": "^1.23.1",
        "rollup": "^2.40.0",
        "rollup-plugin-cleanup": "^3.2.1",
        "rollup-plugin-commonjs": "^10.1.0",
        "rollup-plugin-node-resolve": "^5.2.0",
        "rollup-plugin-sourcemaps": "^0.6.3",
        "rxjs": "^6.6.6",
        "safari-14-idb-fix": "^3.0.0",
        "serve-static": "^1.14.1",
        "sorted-json": "^0.2.6",
        "terser": "^5.3.1",
        "tslib": "^2.1.0",
        "typescript": "^5.6.3",
        "uglify-js": "^3.9.2",
        "yjs": "^13.6.27"
      }
    },
    "../node_modules/.pnpm/jasmine-core@5.11.0/node_modules/jasmine-core": {
      "version": "5.11.0",
      "dev": true,
      "license": "MIT",
      "devDependencies": {
        "@eslint/eslintrc": "^3.3.1",
        "@eslint/js": "^9.24.0",
        "archiver": "^7.0.1",
        "css-url-embed": "^0.1.0",
        "ejs": "^3.1.10",
        "eslint": "^9.24.0",
        "eslint-plugin-compat": "^6.0.2",
        "glob": "^10.2.3",
        "globals": "^16.0.0",
        "jasmine": "^5.0.0",
        "jasmine-browser-runner": "github:jasmine/jasmine-browser-runner",
        "jsdom": "^26.0.0",
        "prettier": "1.17.1",
        "sass": "^1.58.3"
      }
    },
    "../node_modules/.pnpm/karma-chrome-launcher@3.2.0/node_modules/karma-chrome-launcher": {
      "version": "3.2.0",
      "dev": true,
      "license": "MIT",
      "dependencies": {
        "which": "^1.2.1"
      },
      "devDependencies": {
        "@commitlint/cli": "^12.1.4",
        "@commitlint/config-angular": "^12.1.4",
        "@semantic-release/changelog": "^5.0.1",
        "@semantic-release/git": "^9.0.1",
        "chai": "^4.2.0",
        "karma": "^6.4.1",
        "karma-mocha": "1.x || ^0.2.0",
        "mocha": "^5.2.0",
        "semantic-release": "^17.0.1",
        "sinon": "^7.1.1",
        "standard": "^12.0.0"
      }
    },
    "../node_modules/.pnpm/karma-coverage@2.2.1/node_modules/karma-coverage": {
      "version": "2.2.1",
      "dev": true,
      "license": "MIT",
      "dependencies": {
        "istanbul-lib-coverage": "^3.2.0",
        "istanbul-lib-instrument": "^5.1.0",
        "istanbul-lib-report": "^3.0.0",
        "istanbul-lib-source-maps": "^4.0.1",
        "istanbul-reports": "^3.0.5",
        "minimatch": "^3.0.4"
      },
      "devDependencies": {
        "@commitlint/cli": "^8.3.6",
        "@commitlint/config-conventional": "^8.3.6",
        "@commitlint/travis-cli": "^8.3.6",
        "@semantic-release/changelog": "^5.0.1",
        "@semantic-release/git": "^9.0.0",
        "@semantic-release/npm": "^7.0.5",
        "chai": "^4.3.4",
        "coffeescript": "^2.6.1",
        "eslint": "^6.5.1",
        "eslint-config-standard": "^14.1.1",
        "eslint-plugin-import": "^2.25.3",
        "eslint-plugin-node": "^10.0.0",
        "eslint-plugin-promise": "^4.3.1",
        "eslint-plugin-standard": "^4.1.0",
        "grunt": "^1.4.1",
        "grunt-cli": "^1.4.3",
        "grunt-karma": "^3.0.2",
        "grunt-npm": "^0.0.2",
        "husky": "^4.3.8",
        "ibrik": "^2.0.0",
        "karma": "^4.2.0",
        "karma-coffee-preprocessor": "^1.0.1",
        "karma-firefox-launcher": "1.x || ^0.1.6",
        "karma-mocha": "^2.0.1",
        "karma-requirejs": "1.x || ^0.2.2",
        "mocha": "^7.2.0",
        "mocks": "0.0.15",
        "requirejs": "^2.1.20",
        "semantic-release": "^17.0.1",
        "sinon": "^7.2.7",
        "sinon-chai": "^3.7.0"
      },
      "engines": {
        "node": ">=10.0.0"
      }
    },
    "../node_modules/.pnpm/karma-jasmine-html-reporter@2.1.0_jasmine-core@5.11.0_karma-jasmine@5.1.0_karma@6.4.4__karma@6.4.4/node_modules/karma-jasmine-html-reporter": {
      "version": "2.1.0",
      "dev": true,
      "license": "MIT",
      "peerDependencies": {
        "jasmine-core": "^4.0.0 || ^5.0.0",
        "karma": "^6.0.0",
        "karma-jasmine": "^5.0.0"
      }
    },
    "../node_modules/.pnpm/karma-jasmine@5.1.0_karma@6.4.4/node_modules/karma-jasmine": {
      "version": "5.1.0",
      "dev": true,
      "license": "MIT",
      "dependencies": {
        "jasmine-core": "^4.1.0"
      },
      "devDependencies": {
        "@commitlint/cli": "^16.2.3",
        "@commitlint/config-angular": "^16.2.3",
        "@semantic-release/changelog": "^6.0.1",
        "@semantic-release/git": "^10.0.1",
        "@semantic-release/github": "^8.0.4",
        "@semantic-release/npm": "^9.0.1",
        "eslint": "^7.32.0",
        "eslint-config-standard": "^16.0.3",
        "eslint-plugin-import": "^2.26.0",
        "eslint-plugin-node": "^11.1.0",
        "eslint-plugin-promise": "^5.2.0",
        "eslint-plugin-standard": "^4.1.0",
        "grunt": "^1.5.2",
        "husky": "^4.3.8",
        "jasmine": "^4.1.0",
        "karma": "^6.3.18",
        "karma-firefox-launcher": "^2.1.2",
        "semantic-release": "^19.0.2"
      },
      "engines": {
        "node": ">=12"
      },
      "peerDependencies": {
        "karma": "^6.0.0"
      }
    },
    "../node_modules/.pnpm/karma@6.4.4/node_modules/karma": {
      "version": "6.4.4",
      "dev": true,
      "license": "MIT",
      "dependencies": {
        "@colors/colors": "1.5.0",
        "body-parser": "^1.19.0",
        "braces": "^3.0.2",
        "chokidar": "^3.5.1",
        "connect": "^3.7.0",
        "di": "^0.0.1",
        "dom-serialize": "^2.2.1",
        "glob": "^7.1.7",
        "graceful-fs": "^4.2.6",
        "http-proxy": "^1.18.1",
        "isbinaryfile": "^4.0.8",
        "lodash": "^4.17.21",
        "log4js": "^6.4.1",
        "mime": "^2.5.2",
        "minimatch": "^3.0.4",
        "mkdirp": "^0.5.5",
        "qjobs": "^1.2.0",
        "range-parser": "^1.2.1",
        "rimraf": "^3.0.2",
        "socket.io": "^4.7.2",
        "source-map": "^0.6.1",
        "tmp": "^0.2.1",
        "ua-parser-js": "^0.7.30",
        "yargs": "^16.1.1"
      },
      "bin": {
        "karma": "bin/karma"
      },
      "devDependencies": {
        "@commitlint/cli": "^12.1.4",
        "@commitlint/config-angular": "^12.1.4",
        "@semantic-release/changelog": "^5.0.1",
        "@semantic-release/git": "^9.0.1",
        "browserify": "^16.2.3",
        "chai": "^4.2.0",
        "chai-as-promised": "^7.1.1",
        "chai-subset": "^1.2.2",
        "cucumber": "^6.0.5",
        "eslint": "^7.6.0",
        "eslint-config-standard": "^14.1.1",
        "eslint-plugin-import": "^2.22.0",
        "eslint-plugin-node": "^11.1.0",
        "eslint-plugin-promise": "^4.2.1",
        "eslint-plugin-standard": "^4.0.1",
        "http2": "^3.3.6",
        "jasmine-core": "^3.6.0",
        "karma": ".",
        "karma-browserify": "^7.0.0",
        "karma-browserstack-launcher": "^1.6.0",
        "karma-chai": "^0.1.0",
        "karma-chrome-launcher": "^2.2.0",
        "karma-firefox-launcher": "^1.3.0",
        "karma-jasmine": "^2.0.1",
        "karma-junit-reporter": "^2.0.1",
        "karma-mocha": "^1.0.1",
        "karma-mocha-reporter": "^2.0.0",
        "karma-script-launcher": "^1.0.0",
        "mocha": "^4.1.0",
        "mocks": "^0.0.15",
        "proxyquire": "^2.1.3",
        "puppeteer": "^1.20.0",
        "semantic-release": "^17.4.7",
        "sinon": "7.3.2",
        "sinon-chai": "^3.5.0",
        "supertest": "^4.0.2",
        "timer-shim": "^0.3.0",
        "watchify": "^3.11.1",
        "which": "^1.3.1"
      },
      "engines": {
        "node": ">= 10"
      }
    },
    "../node_modules/.pnpm/rxjs@7.8.2/node_modules/rxjs": {
      "version": "7.8.2",
      "license": "Apache-2.0",
      "dependencies": {
        "tslib": "^2.1.0"
      },
      "devDependencies": {
        "@angular-devkit/build-optimizer": "0.4.6",
        "@angular-devkit/schematics": "^11.0.7",
        "@swc/core": "^1.2.128",
        "@swc/helpers": "^0.3.2",
        "@types/chai": "^4.2.11",
        "@types/lodash": "4.14.102",
        "@types/mocha": "^7.0.2",
        "@types/node": "^14.14.6",
        "@types/shelljs": "^0.8.8",
        "@types/sinon": "4.1.3",
        "@types/sinon-chai": "2.7.29",
        "@types/source-map": "^0.5.2",
        "@typescript-eslint/eslint-plugin": "^4.29.1",
        "@typescript-eslint/parser": "^4.29.1",
        "babel-polyfill": "6.26.0",
        "chai": "^4.2.0",
        "check-side-effects": "0.0.23",
        "color": "3.0.0",
        "colors": "1.1.2",
        "cross-env": "5.1.3",
        "cz-conventional-changelog": "1.2.0",
        "dependency-cruiser": "^9.12.0",
        "escape-string-regexp": "1.0.5",
        "eslint": "^7.8.1",
        "eslint-plugin-jasmine": "^2.10.1",
        "form-data": "^3.0.0",
        "fs-extra": "^8.1.0",
        "glob": "7.1.2",
        "google-closure-compiler-js": "20170218.0.0",
        "husky": "^4.2.5",
        "klaw-sync": "3.0.2",
        "lint-staged": "^10.2.11",
        "lodash": "^4.17.15",
        "minimist": "^1.2.5",
        "mocha": "^8.1.3",
        "nodemon": "^1.9.2",
        "npm-run-all": "4.1.2",
        "opn-cli": "3.1.0",
        "platform": "1.3.5",
        "prettier": "^2.5.1",
        "promise": "8.0.1",
        "rollup": "0.66.6",
        "rollup-plugin-alias": "1.4.0",
        "rollup-plugin-inject": "2.0.0",
        "rollup-plugin-node-resolve": "2.0.0",
        "shelljs": "^0.8.4",
        "shx": "^0.3.2",
        "sinon": "4.3.0",
        "sinon-chai": "2.14.0",
        "source-map-support": "0.5.3",
        "systemjs": "^0.21.0",
        "ts-node": "^9.1.1",
        "tslint": "^5.20.1",
        "tslint-config-prettier": "^1.18.0",
        "tslint-etc": "1.13.10",
        "tslint-no-toplevel-property-access": "0.0.2",
        "tslint-no-unused-expression-chai": "0.0.3",
        "typescript": "~4.2.0",
        "validate-commit-msg": "2.14.0",
        "web-streams-polyfill": "^3.0.2",
        "webpack": "^4.31.0"
      }
    },
    "../node_modules/.pnpm/sass@1.93.2/node_modules/sass": {
      "version": "1.93.2",
      "license": "MIT",
      "dependencies": {
        "chokidar": "^4.0.0",
        "immutable": "^5.0.2",
        "source-map-js": ">=0.6.2 <2.0.0"
      },
      "bin": {
        "sass": "sass.js"
      },
      "engines": {
        "node": ">=14.0.0"
      },
      "optionalDependencies": {
        "@parcel/watcher": "^2.4.1"
      }
    },
    "../node_modules/.pnpm/tslib@2.8.1/node_modules/tslib": {
      "version": "2.8.1",
      "license": "0BSD"
    },
    "../node_modules/.pnpm/typescript@5.9.3/node_modules/typescript": {
      "version": "5.9.3",
      "dev": true,
      "license": "Apache-2.0",
      "bin": {
        "tsc": "bin/tsc",
        "tsserver": "bin/tsserver"
      },
      "devDependencies": {
        "@dprint/formatter": "^0.4.1",
        "@dprint/typescript": "0.93.4",
        "@esfx/canceltoken": "^1.0.0",
        "@eslint/js": "^9.20.0",
        "@octokit/rest": "^21.1.1",
        "@types/chai": "^4.3.20",
        "@types/diff": "^7.0.1",
        "@types/minimist": "^1.2.5",
        "@types/mocha": "^10.0.10",
        "@types/ms": "^0.7.34",
        "@types/node": "latest",
        "@types/source-map-support": "^0.5.10",
        "@types/which": "^3.0.4",
        "@typescript-eslint/rule-tester": "^8.24.1",
        "@typescript-eslint/type-utils": "^8.24.1",
        "@typescript-eslint/utils": "^8.24.1",
        "azure-devops-node-api": "^14.1.0",
        "c8": "^10.1.3",
        "chai": "^4.5.0",
        "chokidar": "^4.0.3",
        "diff": "^7.0.0",
        "dprint": "^0.49.0",
        "esbuild": "^0.25.0",
        "eslint": "^9.20.1",
        "eslint-formatter-autolinkable-stylish": "^1.4.0",
        "eslint-plugin-regexp": "^2.7.0",
        "fast-xml-parser": "^4.5.2",
        "glob": "^10.4.5",
        "globals": "^15.15.0",
        "hereby": "^1.10.0",
        "jsonc-parser": "^3.3.1",
        "knip": "^5.44.4",
        "minimist": "^1.2.8",
        "mocha": "^10.8.2",
        "mocha-fivemat-progress-reporter": "^0.1.0",
        "monocart-coverage-reports": "^2.12.1",
        "ms": "^2.1.3",
        "picocolors": "^1.1.1",
        "playwright": "^1.50.1",
        "source-map-support": "^0.5.21",
        "tslib": "^2.8.1",
        "typescript": "^5.7.3",
        "typescript-eslint": "^8.24.1",
        "which": "^3.0.1"
      },
      "engines": {
        "node": ">=14.17"
      }
    },
    "../node_modules/.pnpm/uuid@13.0.0/node_modules/uuid": {
      "version": "13.0.0",
      "funding": [
        "https://github.com/sponsors/broofa",
        "https://github.com/sponsors/ctavan"
      ],
      "license": "MIT",
      "bin": {
        "uuid": "dist-node/bin/uuid"
      },
      "devDependencies": {
        "@babel/eslint-parser": "7.27.1",
        "@commitlint/cli": "19.8.0",
        "@commitlint/config-conventional": "19.8.0",
        "@eslint/js": "9.26.0",
        "bundlewatch": "0.4.1",
        "commander": "13.1.0",
        "eslint": "9.26.0",
        "eslint-config-prettier": "10.1.2",
        "eslint-plugin-prettier": "5.4.0",
        "globals": "16.0.0",
        "husky": "9.1.7",
        "jest": "29.7.0",
        "lint-staged": "15.5.2",
        "neostandard": "0.12.1",
        "npm-run-all": "4.1.5",
        "prettier": "3.5.3",
        "release-please": "17.0.0",
        "runmd": "1.4.1",
        "standard-version": "9.5.0",
        "typescript": "5.2.2",
        "typescript-eslint": "8.32.0"
      }
    },
    "../node_modules/.pnpm/wrangler@4.45.3/node_modules/wrangler": {
      "version": "4.45.3",
      "extraneous": true,
      "license": "MIT OR Apache-2.0",
      "dependencies": {
        "@cloudflare/kv-asset-handler": "0.4.0",
        "@cloudflare/unenv-preset": "2.7.8",
        "blake3-wasm": "2.1.5",
        "esbuild": "0.25.4",
        "miniflare": "4.20251011.1",
        "path-to-regexp": "6.3.0",
        "unenv": "2.0.0-rc.21",
        "workerd": "1.20251011.0"
      },
      "bin": {
        "wrangler": "bin/wrangler.js",
        "wrangler2": "bin/wrangler.js"
      },
      "devDependencies": {
        "@aws-sdk/client-s3": "^3.721.0",
        "@cloudflare/cli": "1.1.3",
        "@cloudflare/containers-shared": "0.2.13",
        "@cloudflare/eslint-config-shared": "1.1.0",
        "@cloudflare/pages-shared": "^0.13.81",
        "@cloudflare/types": "6.18.4",
        "@cloudflare/workers-shared": "0.18.8",
        "@cloudflare/workers-tsconfig": "0.0.0",
        "@cloudflare/workers-types": "^4.20251011.0",
        "@cloudflare/workers-utils": "0.0.2",
        "@cloudflare/workflows-shared": "0.3.8",
        "@cspotcode/source-map-support": "0.8.1",
        "@iarna/toml": "^3.0.0",
        "@sentry/node": "^7.86.0",
        "@sentry/types": "^7.86.0",
        "@sentry/utils": "^7.86.0",
        "@types/command-exists": "^1.2.0",
        "@types/glob-to-regexp": "^0.4.1",
        "@types/is-ci": "^3.0.0",
        "@types/javascript-time-ago": "^2.0.3",
        "@types/json-diff": "^1.0.3",
        "@types/mime": "^3.0.4",
        "@types/minimatch": "^5.1.2",
        "@types/node": "^20.19.9",
        "@types/node-forge": "^1.3.11",
        "@types/prompts": "^2.0.14",
        "@types/resolve": "^1.20.6",
        "@types/shell-quote": "^1.7.2",
        "@types/signal-exit": "^3.0.1",
        "@types/supports-color": "^8.1.1",
        "@types/ws": "^8.5.7",
        "@types/yargs": "^17.0.22",
        "@vitest/ui": "~3.2.0",
        "@webcontainer/env": "^1.1.0",
        "capnweb": "^0.1.0",
        "chalk": "^5.2.0",
        "chokidar": "^4.0.1",
        "cli-table3": "^0.6.3",
        "cloudflare": "^5.2.0",
        "cmd-shim": "^4.1.0",
        "command-exists": "^1.2.9",
        "concurrently": "^8.2.2",
        "date-fns": "^4.1.0",
        "devtools-protocol": "^0.0.1182435",
        "dotenv": "^16.3.1",
        "dotenv-expand": "^12.0.2",
        "execa": "^6.1.0",
        "find-up": "^6.3.0",
        "get-port": "^7.0.0",
        "glob-to-regexp": "^0.4.1",
        "https-proxy-agent": "7.0.2",
        "is-ci": "^3.0.1",
        "itty-time": "^1.0.6",
        "javascript-time-ago": "^2.5.4",
        "json-diff": "^1.0.6",
        "jsonc-parser": "^3.2.0",
        "md5-file": "5.0.0",
        "mime": "^3.0.0",
        "minimatch": "^5.1.0",
        "mock-socket": "^9.3.1",
        "msw": "2.4.3",
        "node-forge": "^1.3.1",
        "open": "^8.4.0",
        "p-queue": "^7.2.0",
        "patch-console": "^1.0.0",
        "pretty-bytes": "^6.0.0",
        "prompts": "^2.4.2",
        "resolve": "^1.22.8",
        "rimraf": "^6.0.1",
        "selfsigned": "^2.0.1",
        "semiver": "^1.1.0",
        "shell-quote": "^1.8.1",
        "signal-exit": "^3.0.7",
        "source-map": "^0.6.1",
        "strip-ansi": "^7.1.0",
        "supports-color": "^9.2.2",
        "timeago.js": "^4.0.2",
        "ts-dedent": "^2.2.0",
        "ts-json-schema-generator": "^1.5.0",
        "tsup": "8.3.0",
        "typescript": "^5.8.3",
        "undici": "7.14.0",
        "update-check": "^1.5.4",
        "vitest": "~3.2.0",
        "vitest-websocket-mock": "^0.4.0",
        "ws": "8.18.0",
        "xdg-app-paths": "^8.3.0",
        "xxhash-wasm": "^1.0.1",
        "yaml": "^2.8.1",
        "yargs": "^17.7.2"
      },
      "engines": {
        "node": ">=18.0.0"
      },
      "optionalDependencies": {
        "fsevents": "~2.3.2"
      },
      "peerDependencies": {
        "@cloudflare/workers-types": "^4.20251011.0"
      },
      "peerDependenciesMeta": {
        "@cloudflare/workers-types": {
          "optional": true
        }
      }
    },
    "node_modules/@angular-devkit/build-angular": {
      "resolved": "../node_modules/.pnpm/@angular-devkit+build-angular@20.3.6_@angular+compiler-cli@20.3.6_@angular+compiler@20._19fcee8c73c2282bd4e8c367de2e7c17/node_modules/@angular-devkit/build-angular",
      "link": true
    },
    "node_modules/@angular/animations": {
      "resolved": "../node_modules/.pnpm/@angular+animations@20.3.6_@angular+core@20.3.6_@angular+compiler@20.3.6_rxjs@7.8.2_/node_modules/@angular/animations",
      "link": true
    },
    "node_modules/@angular/cdk": {
      "resolved": "../node_modules/.pnpm/@angular+cdk@20.2.9_@angular+common@20.3.6_@angular+core@20.3.6_@angular+compiler@20.3._718df4b05d6b0bff8232cddddf2da9ab/node_modules/@angular/cdk",
      "link": true
    },
    "node_modules/@angular/cli": {
      "resolved": "../node_modules/.pnpm/@angular+cli@20.3.6_@types+node@24.9.0_chokidar@4.0.3/node_modules/@angular/cli",
      "link": true
    },
    "node_modules/@angular/common": {
      "resolved": "../node_modules/.pnpm/@angular+common@20.3.6_@angular+core@20.3.6_@angular+compiler@20.3.6_rxjs@7.8.2__rxjs@7.8.2/node_modules/@angular/common",
      "link": true
    },
    "node_modules/@angular/compiler": {
      "resolved": "../node_modules/.pnpm/@angular+compiler@20.3.6/node_modules/@angular/compiler",
      "link": true
    },
    "node_modules/@angular/compiler-cli": {
      "resolved": "../node_modules/.pnpm/@angular+compiler-cli@20.3.6_@angular+compiler@20.3.6_typescript@5.9.3/node_modules/@angular/compiler-cli",
      "link": true
    },
    "node_modules/@angular/core": {
      "resolved": "../node_modules/.pnpm/@angular+core@20.3.6_@angular+compiler@20.3.6_rxjs@7.8.2/node_modules/@angular/core",
      "link": true
    },
    "node_modules/@angular/forms": {
      "resolved": "../node_modules/.pnpm/@angular+forms@20.3.6_@angular+common@20.3.6_@angular+core@20.3.6_@angular+compiler@20._2fdcc28eceeb67e6f1714c9366f04ac6/node_modules/@angular/forms",
      "link": true
    },
    "node_modules/@angular/localize": {
      "resolved": "../node_modules/.pnpm/@angular+localize@20.3.3_@angular+compiler-cli@20.3.6_@angular+compiler@20.3.6_typescri_799b4da70bf29338aa5b90422a1a3832/node_modules/@angular/localize",
      "link": true
    },
    "node_modules/@angular/material": {
      "resolved": "../node_modules/.pnpm/@angular+material@20.2.9_1c992b94ac52d3ac9cdad7c6265f4f91/node_modules/@angular/material",
      "link": true
    },
    "node_modules/@angular/platform-browser": {
      "resolved": "../node_modules/.pnpm/@angular+platform-browser@20.3.6_@angular+animations@20.3.6_@angular+core@20.3.6_@angul_2c51f1f78a68bf40e7bad4dee8924c12/node_modules/@angular/platform-browser",
      "link": true
    },
    "node_modules/@angular/platform-browser-dynamic": {
      "resolved": "../node_modules/.pnpm/@angular+platform-browser-dynamic@20.3.6_@angular+common@20.3.6_@angular+core@20.3.6_@a_fcc9162b171e70b5e95e9bceafce60fc/node_modules/@angular/platform-browser-dynamic",
      "link": true
    },
    "node_modules/@angular/router": {
      "resolved": "../node_modules/.pnpm/@angular+router@20.3.6_@angular+common@20.3.6_@angular+core@20.3.6_@angular+compiler@20_5770fe4f031296f6a1be042055476acf/node_modules/@angular/router",
      "link": true
    },
    "node_modules/@angular/service-worker": {
      "resolved": "../node_modules/.pnpm/@angular+service-worker@20.3.6_@angular+core@20.3.6_@angular+compiler@20.3.6_rxjs@7.8.2__rxjs@7.8.2/node_modules/@angular/service-worker",
      "link": true
    },
    "node_modules/@milkdown/kit": {
      "resolved": "../node_modules/.pnpm/@milkdown+kit@7.17.1_@codemirror+language@6.11.2_@codemirror+state@6.5.2_@codemirror+view@6.38.1_typescript@5.9.3/node_modules/@milkdown/kit",
      "link": true
    },
    "node_modules/@milkdown/theme-nord": {
      "resolved": "../node_modules/.pnpm/@milkdown+theme-nord@7.17.1/node_modules/@milkdown/theme-nord",
      "link": true
    },
    "node_modules/@types/jasmine": {
      "resolved": "../node_modules/.pnpm/@types+jasmine@5.1.9/node_modules/@types/jasmine",
      "link": true
    },
    "node_modules/@types/uuid": {
      "resolved": "../node_modules/.pnpm/@types+uuid@10.0.0/node_modules/@types/uuid",
      "link": true
    },
    "node_modules/dexie": {
      "resolved": "../node_modules/.pnpm/dexie@4.2.0/node_modules/dexie",
      "link": true
    },
    "node_modules/jasmine-core": {
      "resolved": "../node_modules/.pnpm/jasmine-core@5.11.0/node_modules/jasmine-core",
      "link": true
    },
    "node_modules/karma": {
      "resolved": "../node_modules/.pnpm/karma@6.4.4/node_modules/karma",
      "link": true
    },
    "node_modules/karma-chrome-launcher": {
      "resolved": "../node_modules/.pnpm/karma-chrome-launcher@3.2.0/node_modules/karma-chrome-launcher",
      "link": true
    },
    "node_modules/karma-coverage": {
      "resolved": "../node_modules/.pnpm/karma-coverage@2.2.1/node_modules/karma-coverage",
      "link": true
    },
    "node_modules/karma-jasmine": {
      "resolved": "../node_modules/.pnpm/karma-jasmine@5.1.0_karma@6.4.4/node_modules/karma-jasmine",
      "link": true
    },
    "node_modules/karma-jasmine-html-reporter": {
      "resolved": "../node_modules/.pnpm/karma-jasmine-html-reporter@2.1.0_jasmine-core@5.11.0_karma-jasmine@5.1.0_karma@6.4.4__karma@6.4.4/node_modules/karma-jasmine-html-reporter",
      "link": true
    },
    "node_modules/rxjs": {
      "resolved": "../node_modules/.pnpm/rxjs@7.8.2/node_modules/rxjs",
      "link": true
    },
    "node_modules/sass": {
      "resolved": "../node_modules/.pnpm/sass@1.93.2/node_modules/sass",
      "link": true
    },
    "node_modules/tslib": {
      "resolved": "../node_modules/.pnpm/tslib@2.8.1/node_modules/tslib",
      "link": true
    },
    "node_modules/typescript": {
      "resolved": "../node_modules/.pnpm/typescript@5.9.3/node_modules/typescript",
      "link": true
    },
    "node_modules/uuid": {
      "resolved": "../node_modules/.pnpm/uuid@13.0.0/node_modules/uuid",
      "link": true
    }
  }
}
